
Microsoft Visual Studio Solution File, Format Version 12.00
# Visual Studio Version 17
VisualStudioVersion = 17.5.33516.290
MinimumVisualStudioVersion = 10.0.40219.1
Project("{FAE04EC0-301F-11D3-BF4B-00C04F79EFBC}") = "MagicVilla_API", "MagicVilla_API\MagicVilla_API.csproj", "{F601B5B1-8B1F-40C5-A6FF-54FB7737A050}"
EndProject
Global
	GlobalSection(SolutionConfigurationPlatforms) = preSolution
		Debug|Any CPU = Debug|Any CPU
		Release|Any CPU = Release|Any CPU
	EndGlobalSection
	GlobalSection(ProjectConfigurationPlatforms) = postSolution
		{F601B5B1-8B1F-40C5-A6FF-54FB7737A050}.Debug|Any CPU.ActiveCfg = Debug|Any CPU
		{F601B5B1-8B1F-40C5-A6FF-54FB7737A050}.Debug|Any CPU.Build.0 = Debug|Any CPU
		{F601B5B1-8B1F-40C5-A6FF-54FB7737A050}.Release|Any CPU.ActiveCfg = Release|Any CPU
		{F601B5B1-8B1F-40C5-A6FF-54FB7737A050}.Release|Any CPU.Build.0 = Release|Any CPU
	EndGlobalSection
	GlobalSection(SolutionProperties) = preSolution
		HideSolutionNode = FALSE
	EndGlobalSection
	GlobalSection(ExtensibilityGlobals) = postSolution
		SolutionGuid = {33F03C89-7B2C-45E6-AEA6-C7668653719F}
	EndGlobalSection
EndGlobal
